
Microsoft Visual Studio Solution File, Format Version 12.00
# Visual Studio Version 17
VisualStudioVersion = 17.14.36221.1
MinimumVisualStudioVersion = 10.0.40219.1
Project("{2150E333-8FDC-42A3-9474-1A3956D46DE8}") = "Application-Enterprise Business Rules", "Application-Enterprise Business Rules", "{02EA681E-C7D8-13C7-8484-4AC65E1B71E8}"
EndProject
Project("{2150E333-8FDC-42A3-9474-1A3956D46DE8}") = "Backend", "Backend", "{02FAC988-EB8A-459C-B86D-0C72488ED939}"
EndProject
Project("{FAE04EC0-301F-11D3-BF4B-00C04F79EFBC}") = "Learn.Api.Domain", "Learn.Api.Domain\Learn.Api.Domain.csproj", "{4C4ECE76-45AE-4202-B7A2-8ED69EFE1E3F}"
EndProject
Project("{2150E333-8FDC-42A3-9474-1A3956D46DE8}") = "Core", "Core", "{6397CF11-EF4F-4B16-BB00-DD9B6B607A25}"
EndProject
Project("{2150E333-8FDC-42A3-9474-1A3956D46DE8}") = "Aplicaction Bussines Rules", "Aplicaction Bussines Rules", "{46DA7292-4F59-4A58-BA85-EEA0469A9FAA}"
EndProject
Project("{2150E333-8FDC-42A3-9474-1A3956D46DE8}") = "Frameworks And Drivers", "Frameworks And Drivers", "{167F5167-A6F7-4EB6-AD45-E0A4C4414290}"
EndProject
Project("{2150E333-8FDC-42A3-9474-1A3956D46DE8}") = "Interface Adapters", "Interface Adapters", "{B0F8D60B-A0C4-4158-929C-C86EF24E669C}"
EndProject
Project("{FAE04EC0-301F-11D3-BF4B-00C04F79EFBC}") = "Learn.Api.BusinessObjects", "Learn.Api.BusinessObjects\Learn.Api.BusinessObjects.csproj", "{6EC56446-D26D-4D54-9549-C548BC514B2E}"
EndProject
Project("{FAE04EC0-301F-11D3-BF4B-00C04F79EFBC}") = "Learn.Api.UseCases", "Learn.Api.UseCases\Learn.Api.UseCases.csproj", "{EB2CD066-86FE-436D-B8CA-299CA8DF6B48}"
EndProject
Project("{2150E333-8FDC-42A3-9474-1A3956D46DE8}") = "Frameworks", "Frameworks", "{96D87AE3-F1A6-4E14-87B1-E942D31CA3A8}"
EndProject
Project("{2150E333-8FDC-42A3-9474-1A3956D46DE8}") = "IoC", "IoC", "{B25EA35F-5CCA-4284-8AC0-F0B51D37B413}"
EndProject
Project("{2150E333-8FDC-42A3-9474-1A3956D46DE8}") = "UI", "UI", "{6256BA88-5F18-48D2-94DA-577DA3B3030E}"
EndProject
Project("{FAE04EC0-301F-11D3-BF4B-00C04F79EFBC}") = "Learn.Api.Controllers", "Learn.Api.Controllers\Learn.Api.Controllers.csproj", "{BCAA18AD-81C5-45CD-9A89-2EE7D18F2342}"
EndProject
Project("{FAE04EC0-301F-11D3-BF4B-00C04F79EFBC}") = "Learn.Api.Repository.EFCore", "Learn.Api.Repository.EFCore\Learn.Api.Repository.EFCore.csproj", "{2E811C4B-3FCE-49AC-9CA0-CD792B3CF5F4}"
EndProject
Project("{FAE04EC0-301F-11D3-BF4B-00C04F79EFBC}") = "Learn.Api.IoC", "Learn.Api.IoC\Learn.Api.IoC.csproj", "{897CB3C2-6A7C-48FD-A6C5-CFA91D9345E5}"
EndProject
Project("{FAE04EC0-301F-11D3-BF4B-00C04F79EFBC}") = "Learn.Api", "Learn.Api\Learn.Api.csproj", "{B238C350-7009-4CE2-A635-3732FB8FA655}"
EndProject
Global
	GlobalSection(SolutionConfigurationPlatforms) = preSolution
		Debug|Any CPU = Debug|Any CPU
		Release|Any CPU = Release|Any CPU
	EndGlobalSection
	GlobalSection(ProjectConfigurationPlatforms) = postSolution
		{4C4ECE76-45AE-4202-B7A2-8ED69EFE1E3F}.Debug|Any CPU.ActiveCfg = Debug|Any CPU
		{4C4ECE76-45AE-4202-B7A2-8ED69EFE1E3F}.Debug|Any CPU.Build.0 = Debug|Any CPU
		{4C4ECE76-45AE-4202-B7A2-8ED69EFE1E3F}.Release|Any CPU.ActiveCfg = Release|Any CPU
		{4C4ECE76-45AE-4202-B7A2-8ED69EFE1E3F}.Release|Any CPU.Build.0 = Release|Any CPU
		{6EC56446-D26D-4D54-9549-C548BC514B2E}.Debug|Any CPU.ActiveCfg = Debug|Any CPU
		{6EC56446-D26D-4D54-9549-C548BC514B2E}.Debug|Any CPU.Build.0 = Debug|Any CPU
		{6EC56446-D26D-4D54-9549-C548BC514B2E}.Release|Any CPU.ActiveCfg = Release|Any CPU
		{6EC56446-D26D-4D54-9549-C548BC514B2E}.Release|Any CPU.Build.0 = Release|Any CPU
		{EB2CD066-86FE-436D-B8CA-299CA8DF6B48}.Debug|Any CPU.ActiveCfg = Debug|Any CPU
		{EB2CD066-86FE-436D-B8CA-299CA8DF6B48}.Debug|Any CPU.Build.0 = Debug|Any CPU
		{EB2CD066-86FE-436D-B8CA-299CA8DF6B48}.Release|Any CPU.ActiveCfg = Release|Any CPU
		{EB2CD066-86FE-436D-B8CA-299CA8DF6B48}.Release|Any CPU.Build.0 = Release|Any CPU
		{BCAA18AD-81C5-45CD-9A89-2EE7D18F2342}.Debug|Any CPU.ActiveCfg = Debug|Any CPU
		{BCAA18AD-81C5-45CD-9A89-2EE7D18F2342}.Debug|Any CPU.Build.0 = Debug|Any CPU
		{BCAA18AD-81C5-45CD-9A89-2EE7D18F2342}.Release|Any CPU.ActiveCfg = Release|Any CPU
		{BCAA18AD-81C5-45CD-9A89-2EE7D18F2342}.Release|Any CPU.Build.0 = Release|Any CPU
		{2E811C4B-3FCE-49AC-9CA0-CD792B3CF5F4}.Debug|Any CPU.ActiveCfg = Debug|Any CPU
		{2E811C4B-3FCE-49AC-9CA0-CD792B3CF5F4}.Debug|Any CPU.Build.0 = Debug|Any CPU
		{2E811C4B-3FCE-49AC-9CA0-CD792B3CF5F4}.Release|Any CPU.ActiveCfg = Release|Any CPU
		{2E811C4B-3FCE-49AC-9CA0-CD792B3CF5F4}.Release|Any CPU.Build.0 = Release|Any CPU
		{897CB3C2-6A7C-48FD-A6C5-CFA91D9345E5}.Debug|Any CPU.ActiveCfg = Debug|Any CPU
		{897CB3C2-6A7C-48FD-A6C5-CFA91D9345E5}.Debug|Any CPU.Build.0 = Debug|Any CPU
		{897CB3C2-6A7C-48FD-A6C5-CFA91D9345E5}.Release|Any CPU.ActiveCfg = Release|Any CPU
		{897CB3C2-6A7C-48FD-A6C5-CFA91D9345E5}.Release|Any CPU.Build.0 = Release|Any CPU
		{B238C350-7009-4CE2-A635-3732FB8FA655}.Debug|Any CPU.ActiveCfg = Debug|Any CPU
		{B238C350-7009-4CE2-A635-3732FB8FA655}.Debug|Any CPU.Build.0 = Debug|Any CPU
		{B238C350-7009-4CE2-A635-3732FB8FA655}.Release|Any CPU.ActiveCfg = Release|Any CPU
		{B238C350-7009-4CE2-A635-3732FB8FA655}.Release|Any CPU.Build.0 = Release|Any CPU
	EndGlobalSection
	GlobalSection(SolutionProperties) = preSolution
		HideSolutionNode = FALSE
	EndGlobalSection
	GlobalSection(NestedProjects) = preSolution
		{4C4ECE76-45AE-4202-B7A2-8ED69EFE1E3F} = {02EA681E-C7D8-13C7-8484-4AC65E1B71E8}
		{6397CF11-EF4F-4B16-BB00-DD9B6B607A25} = {02FAC988-EB8A-459C-B86D-0C72488ED939}
		{46DA7292-4F59-4A58-BA85-EEA0469A9FAA} = {6397CF11-EF4F-4B16-BB00-DD9B6B607A25}
		{167F5167-A6F7-4EB6-AD45-E0A4C4414290} = {6397CF11-EF4F-4B16-BB00-DD9B6B607A25}
		{B0F8D60B-A0C4-4158-929C-C86EF24E669C} = {6397CF11-EF4F-4B16-BB00-DD9B6B607A25}
		{6EC56446-D26D-4D54-9549-C548BC514B2E} = {46DA7292-4F59-4A58-BA85-EEA0469A9FAA}
		{EB2CD066-86FE-436D-B8CA-299CA8DF6B48} = {46DA7292-4F59-4A58-BA85-EEA0469A9FAA}
		{96D87AE3-F1A6-4E14-87B1-E942D31CA3A8} = {167F5167-A6F7-4EB6-AD45-E0A4C4414290}
		{B25EA35F-5CCA-4284-8AC0-F0B51D37B413} = {167F5167-A6F7-4EB6-AD45-E0A4C4414290}
		{6256BA88-5F18-48D2-94DA-577DA3B3030E} = {167F5167-A6F7-4EB6-AD45-E0A4C4414290}
		{BCAA18AD-81C5-45CD-9A89-2EE7D18F2342} = {B0F8D60B-A0C4-4158-929C-C86EF24E669C}
		{2E811C4B-3FCE-49AC-9CA0-CD792B3CF5F4} = {96D87AE3-F1A6-4E14-87B1-E942D31CA3A8}
		{897CB3C2-6A7C-48FD-A6C5-CFA91D9345E5} = {B25EA35F-5CCA-4284-8AC0-F0B51D37B413}
		{B238C350-7009-4CE2-A635-3732FB8FA655} = {6256BA88-5F18-48D2-94DA-577DA3B3030E}
	EndGlobalSection
	GlobalSection(ExtensibilityGlobals) = postSolution
		SolutionGuid = {66322604-2189-4E35-A45F-D40F1CE8505D}
	EndGlobalSection
EndGlobal
